
Microsoft Visual Studio Solution File, Format Version 12.00
# Visual Studio Version 16
VisualStudioVersion = 16.0.30413.136
MinimumVisualStudioVersion = 10.0.40219.1
Project("{FAE04EC0-301F-11D3-BF4B-00C04F79EFBC}") = "dockertest", "dockertest.csproj", "{DFB319DD-C1D5-4310-9E2D-703860CE5978}"
EndProject
Global
	GlobalSection(SolutionConfigurationPlatforms) = preSolution
		Debug|Any CPU = Debug|Any CPU
		Release|Any CPU = Release|Any CPU
	EndGlobalSection
	GlobalSection(ProjectConfigurationPlatforms) = postSolution
		{DFB319DD-C1D5-4310-9E2D-703860CE5978}.Debug|Any CPU.ActiveCfg = Debug|Any CPU
		{DFB319DD-C1D5-4310-9E2D-703860CE5978}.Debug|Any CPU.Build.0 = Debug|Any CPU
		{DFB319DD-C1D5-4310-9E2D-703860CE5978}.Release|Any CPU.ActiveCfg = Release|Any CPU
		{DFB319DD-C1D5-4310-9E2D-703860CE5978}.Release|Any CPU.Build.0 = Release|Any CPU
	EndGlobalSection
	GlobalSection(SolutionProperties) = preSolution
		HideSolutionNode = FALSE
	EndGlobalSection
	GlobalSection(ExtensibilityGlobals) = postSolution
		SolutionGuid = {70422438-85F2-4832-A633-34E6B47B4074}
	EndGlobalSection
EndGlobal
